
Microsoft Visual Studio Solution File, Format Version 12.00
# Visual Studio Version 17
VisualStudioVersion = 17.5.002.0
MinimumVisualStudioVersion = 10.0.40219.1
Project("{9A19103F-16F7-4668-BE54-9A1E7A4F7556}") = "ApiOrderServico", "ApiOrderServico\ApiOrderServico.csproj", "{D9A18483-DC60-4AD6-AB9D-5F1C0371959E}"
EndProject
Project("{9A19103F-16F7-4668-BE54-9A1E7A4F7556}") = "TestOrderServico", "TestOrderServico\TestOrderServico.csproj", "{377F0B8E-9E40-4DBB-B25D-4060CDC76E65}"
EndProject
Global
	GlobalSection(SolutionConfigurationPlatforms) = preSolution
		Debug|Any CPU = Debug|Any CPU
		Release|Any CPU = Release|Any CPU
	EndGlobalSection
	GlobalSection(ProjectConfigurationPlatforms) = postSolution
		{D9A18483-DC60-4AD6-AB9D-5F1C0371959E}.Debug|Any CPU.ActiveCfg = Debug|Any CPU
		{D9A18483-DC60-4AD6-AB9D-5F1C0371959E}.Debug|Any CPU.Build.0 = Debug|Any CPU
		{D9A18483-DC60-4AD6-AB9D-5F1C0371959E}.Release|Any CPU.ActiveCfg = Release|Any CPU
		{D9A18483-DC60-4AD6-AB9D-5F1C0371959E}.Release|Any CPU.Build.0 = Release|Any CPU
		{377F0B8E-9E40-4DBB-B25D-4060CDC76E65}.Debug|Any CPU.ActiveCfg = Debug|Any CPU
		{377F0B8E-9E40-4DBB-B25D-4060CDC76E65}.Debug|Any CPU.Build.0 = Debug|Any CPU
		{377F0B8E-9E40-4DBB-B25D-4060CDC76E65}.Release|Any CPU.ActiveCfg = Release|Any CPU
		{377F0B8E-9E40-4DBB-B25D-4060CDC76E65}.Release|Any CPU.Build.0 = Release|Any CPU
	EndGlobalSection
	GlobalSection(SolutionProperties) = preSolution
		HideSolutionNode = FALSE
	EndGlobalSection
	GlobalSection(ExtensibilityGlobals) = postSolution
		SolutionGuid = {6697D5C6-0AEE-422A-87BC-14EF5F09D5D5}
	EndGlobalSection
EndGlobal
